
Microsoft Visual Studio Solution File, Format Version 12.00
# Visual Studio Version 17
VisualStudioVersion = 17.14.36930.0 d17.14
MinimumVisualStudioVersion = 10.0.40219.1
Project("{FAE04EC0-301F-11D3-BF4B-00C04F79EFBC}") = "MyFirstWindowsForm", "MyFirstWindowsForm.csproj", "{C845DE94-0A3F-4BE9-A729-27B11D07C082}"
EndProject
Global
	GlobalSection(SolutionConfigurationPlatforms) = preSolution
		Debug|Any CPU = Debug|Any CPU
		Release|Any CPU = Release|Any CPU
	EndGlobalSection
	GlobalSection(ProjectConfigurationPlatforms) = postSolution
		{C845DE94-0A3F-4BE9-A729-27B11D07C082}.Debug|Any CPU.ActiveCfg = Debug|Any CPU
		{C845DE94-0A3F-4BE9-A729-27B11D07C082}.Debug|Any CPU.Build.0 = Debug|Any CPU
		{C845DE94-0A3F-4BE9-A729-27B11D07C082}.Release|Any CPU.ActiveCfg = Release|Any CPU
		{C845DE94-0A3F-4BE9-A729-27B11D07C082}.Release|Any CPU.Build.0 = Release|Any CPU
	EndGlobalSection
	GlobalSection(SolutionProperties) = preSolution
		HideSolutionNode = FALSE
	EndGlobalSection
	GlobalSection(ExtensibilityGlobals) = postSolution
		SolutionGuid = {583F4773-A1AE-47E1-912A-CA595C79E825}
	EndGlobalSection
EndGlobal
